
Microsoft Visual Studio Solution File, Format Version 12.00
# Visual Studio Version 17
VisualStudioVersion = 17.8.34408.163
MinimumVisualStudioVersion = 10.0.40219.1
Project("{FAE04EC0-301F-11D3-BF4B-00C04F79EFBC}") = "assignment1", "assignment1\assignment1.csproj", "{05BC0C7E-94E7-46B4-8DD7-7CB35C98F39E}"
EndProject
Global
	GlobalSection(SolutionConfigurationPlatforms) = preSolution
		Debug|Any CPU = Debug|Any CPU
		Release|Any CPU = Release|Any CPU
	EndGlobalSection
	GlobalSection(ProjectConfigurationPlatforms) = postSolution
		{05BC0C7E-94E7-46B4-8DD7-7CB35C98F39E}.Debug|Any CPU.ActiveCfg = Debug|Any CPU
		{05BC0C7E-94E7-46B4-8DD7-7CB35C98F39E}.Debug|Any CPU.Build.0 = Debug|Any CPU
		{05BC0C7E-94E7-46B4-8DD7-7CB35C98F39E}.Release|Any CPU.ActiveCfg = Release|Any CPU
		{05BC0C7E-94E7-46B4-8DD7-7CB35C98F39E}.Release|Any CPU.Build.0 = Release|Any CPU
	EndGlobalSection
	GlobalSection(SolutionProperties) = preSolution
		HideSolutionNode = FALSE
	EndGlobalSection
	GlobalSection(ExtensibilityGlobals) = postSolution
		SolutionGuid = {BCF20080-AA89-4AAA-A557-409F9E6379AB}
	EndGlobalSection
EndGlobal
